// !$*UTF8*$!
{
	archiveVersion = 1;
	classes = {
	};
	objectVersion = 46;
	objects = {

/* Begin PBXBuildFile section */
		57BAFC9CB3930D1FDCC06281 /* Pods_AegisIOS.framework in Frameworks */ = {isa = PBXBuildFile; fileRef = 9EB0B4068D2B44E4EF06AA66 /* Pods_AegisIOS.framework */; };
		5CEF7266A14ACEE74103ECC9 /* ContentView.swift in Sources */ = {isa = PBXBuildFile; fileRef = 5CEF78C9A0CB093916D11A08 /* ContentView.swift */; };
		5CEF730DF6EDF7750E311E4C /* AegisIOSUITests.swift in Sources */ = {isa = PBXBuildFile; fileRef = 5CEF78BF1EEA45FE86440F92 /* AegisIOSUITests.swift */; };
		5CEF7390A95ABC53E57668B2 /* AegisIOSApp.swift in Sources */ = {isa = PBXBuildFile; fileRef = 5CEF76FD00CBE3A7DE0ED55C /* AegisIOSApp.swift */; };
		5CEF73C41173566D03F1B513 /* AegisIOSUITestsLaunchTests.swift in Sources */ = {isa = PBXBuildFile; fileRef = 5CEF7AA74BB2BEB75B2FB2E3 /* AegisIOSUITestsLaunchTests.swift */; };
		5CEF783BE3FA5EDC822F0BEC /* Assets.xcassets in Resources */ = {isa = PBXBuildFile; fileRef = 5CEF724E20D56D6BC2E997CC /* Assets.xcassets */; };
		5CEF79FADB43B6EED91CADB9 /* AegisIOSTests.swift in Sources */ = {isa = PBXBuildFile; fileRef = 5CEF75F665D6A2F0EE188927 /* AegisIOSTests.swift */; };
		5CEF7A29BE84C23E8CD770D0 /* Preview Assets.xcassets in Resources */ = {isa = PBXBuildFile; fileRef = 5CEF7326EE4F682E52CD6606 /* Preview Assets.xcassets */; };
		87F244E3D3F208571DCA4922 /* Pods_AegisIOSTests.framework in Frameworks */ = {isa = PBXBuildFile; fileRef = EFAEFED67032307B154056B2 /* Pods_AegisIOSTests.framework */; };
		ED23B03920383137737579D9 /* Pods_AegisIOS_AegisIOSUITests.framework in Frameworks */ = {isa = PBXBuildFile; fileRef = 3F7DB3CED597C2352D515DE8 /* Pods_AegisIOS_AegisIOSUITests.framework */; };
/* End PBXBuildFile section */

/* Begin PBXContainerItemProxy section */
		5CEF760AE22F17CD33422D80 /* PBXContainerItemProxy */ = {
			isa = PBXContainerItemProxy;
			containerPortal = 5CEF7A59079120E9B2F37A67 /* Project object */;
			proxyType = 1;
			remoteGlobalIDString = 5CEF743FEDC7D3018E4EB9ED;
			remoteInfo = AegisIOS;
		};
		5CEF7FE6366270186DEBE29F /* PBXContainerItemProxy */ = {
			isa = PBXContainerItemProxy;
			containerPortal = 5CEF7A59079120E9B2F37A67 /* Project object */;
			proxyType = 1;
			remoteGlobalIDString = 5CEF743FEDC7D3018E4EB9ED;
			remoteInfo = AegisIOS;
		};
/* End PBXContainerItemProxy section */

/* Begin PBXFileReference section */
		3F7DB3CED597C2352D515DE8 /* Pods_AegisIOS_AegisIOSUITests.framework */ = {isa = PBXFileReference; explicitFileType = wrapper.framework; includeInIndex = 0; path = Pods_AegisIOS_AegisIOSUITests.framework; sourceTree = BUILT_PRODUCTS_DIR; };
		5CEF724E20D56D6BC2E997CC /* Assets.xcassets */ = {isa = PBXFileReference; lastKnownFileType = folder.assetcatalog; path = Assets.xcassets; sourceTree = "<group>"; };
		5CEF7326EE4F682E52CD6606 /* Preview Assets.xcassets */ = {isa = PBXFileReference; lastKnownFileType = folder.assetcatalog; path = "Preview Assets.xcassets"; sourceTree = "<group>"; };
		5CEF75F665D6A2F0EE188927 /* AegisIOSTests.swift */ = {isa = PBXFileReference; lastKnownFileType = sourcecode.swift; path = AegisIOSTests.swift; sourceTree = "<group>"; };
		5CEF76F758AA7AA95E02198A /* AegisIOSTests.xctest */ = {isa = PBXFileReference; explicitFileType = wrapper.cfbundle; includeInIndex = 0; path = AegisIOSTests.xctest; sourceTree = BUILT_PRODUCTS_DIR; };
		5CEF76FD00CBE3A7DE0ED55C /* AegisIOSApp.swift */ = {isa = PBXFileReference; lastKnownFileType = sourcecode.swift; path = AegisIOSApp.swift; sourceTree = "<group>"; };
		5CEF78BF1EEA45FE86440F92 /* AegisIOSUITests.swift */ = {isa = PBXFileReference; lastKnownFileType = sourcecode.swift; path = AegisIOSUITests.swift; sourceTree = "<group>"; };
		5CEF78C9A0CB093916D11A08 /* ContentView.swift */ = {isa = PBXFileReference; lastKnownFileType = sourcecode.swift; path = ContentView.swift; sourceTree = "<group>"; };
		5CEF7A3314E27EF3144DCDD6 /* AegisIOSUITests.xctest */ = {isa = PBXFileReference; explicitFileType = wrapper.cfbundle; includeInIndex = 0; path = AegisIOSUITests.xctest; sourceTree = BUILT_PRODUCTS_DIR; };
		5CEF7AA74BB2BEB75B2FB2E3 /* AegisIOSUITestsLaunchTests.swift */ = {isa = PBXFileReference; lastKnownFileType = sourcecode.swift; path = AegisIOSUITestsLaunchTests.swift; sourceTree = "<group>"; };
		5CEF7D329BE47E4271C36634 /* AegisIOS.app */ = {isa = PBXFileReference; explicitFileType = wrapper.application; includeInIndex = 0; path = AegisIOS.app; sourceTree = BUILT_PRODUCTS_DIR; };
		63684749F23BF6CB00ED6D73 /* Pods-AegisIOS.debug.xcconfig */ = {isa = PBXFileReference; includeInIndex = 1; lastKnownFileType = text.xcconfig; name = "Pods-AegisIOS.debug.xcconfig"; path = "Target Support Files/Pods-AegisIOS/Pods-AegisIOS.debug.xcconfig"; sourceTree = "<group>"; };
		930074F41F0B33781181BF1E /* Pods-AegisIOS.release.xcconfig */ = {isa = PBXFileReference; includeInIndex = 1; lastKnownFileType = text.xcconfig; name = "Pods-AegisIOS.release.xcconfig"; path = "Target Support Files/Pods-AegisIOS/Pods-AegisIOS.release.xcconfig"; sourceTree = "<group>"; };
		9E64DC34B46CE03308904FD1 /* Pods-AegisIOS-AegisIOSUITests.debug.xcconfig */ = {isa = PBXFileReference; includeInIndex = 1; lastKnownFileType = text.xcconfig; name = "Pods-AegisIOS-AegisIOSUITests.debug.xcconfig"; path = "Target Support Files/Pods-AegisIOS-AegisIOSUITests/Pods-AegisIOS-AegisIOSUITests.debug.xcconfig"; sourceTree = "<group>"; };
		9EB0B4068D2B44E4EF06AA66 /* Pods_AegisIOS.framework */ = {isa = PBXFileReference; explicitFileType = wrapper.framework; includeInIndex = 0; path = Pods_AegisIOS.framework; sourceTree = BUILT_PRODUCTS_DIR; };
		AEEA3D487939A72F24108B45 /* Pods-AegisIOS-AegisIOSUITests.release.xcconfig */ = {isa = PBXFileReference; includeInIndex = 1; lastKnownFileType = text.xcconfig; name = "Pods-AegisIOS-AegisIOSUITests.release.xcconfig"; path = "Target Support Files/Pods-AegisIOS-AegisIOSUITests/Pods-AegisIOS-AegisIOSUITests.release.xcconfig"; sourceTree = "<group>"; };
		B2733E29AD24BC53C00FC048 /* Pods-AegisIOSTests.debug.xcconfig */ = {isa = PBXFileReference; includeInIndex = 1; lastKnownFileType = text.xcconfig; name = "Pods-AegisIOSTests.debug.xcconfig"; path = "Target Support Files/Pods-AegisIOSTests/Pods-AegisIOSTests.debug.xcconfig"; sourceTree = "<group>"; };
		CC727697A2758F127CAEE743 /* Pods-AegisIOSTests.release.xcconfig */ = {isa = PBXFileReference; includeInIndex = 1; lastKnownFileType = text.xcconfig; name = "Pods-AegisIOSTests.release.xcconfig"; path = "Target Support Files/Pods-AegisIOSTests/Pods-AegisIOSTests.release.xcconfig"; sourceTree = "<group>"; };
		EFAEFED67032307B154056B2 /* Pods_AegisIOSTests.framework */ = {isa = PBXFileReference; explicitFileType = wrapper.framework; includeInIndex = 0; path = Pods_AegisIOSTests.framework; sourceTree = BUILT_PRODUCTS_DIR; };
/* End PBXFileReference section */

/* Begin PBXFrameworksBuildPhase section */
		5CEF739AD10869ACCE48E3AA /* Frameworks */ = {
			isa = PBXFrameworksBuildPhase;
			buildActionMask = 2147483647;
			files = (
				87F244E3D3F208571DCA4922 /* Pods_AegisIOSTests.framework in Frameworks */,
			);
			runOnlyForDeploymentPostprocessing = 0;
		};
		5CEF7A936A4F3CDC49B16368 /* Frameworks */ = {
			isa = PBXFrameworksBuildPhase;
			buildActionMask = 2147483647;
			files = (
				57BAFC9CB3930D1FDCC06281 /* Pods_AegisIOS.framework in Frameworks */,
			);
			runOnlyForDeploymentPostprocessing = 0;
		};
		5CEF7DDC1D050CFDB3738A95 /* Frameworks */ = {
			isa = PBXFrameworksBuildPhase;
			buildActionMask = 2147483647;
			files = (
				ED23B03920383137737579D9 /* Pods_AegisIOS_AegisIOSUITests.framework in Frameworks */,
			);
			runOnlyForDeploymentPostprocessing = 0;
		};
/* End PBXFrameworksBuildPhase section */

/* Begin PBXGroup section */
		2C6CF3D848831F35F6BCCC21 /* Frameworks */ = {
			isa = PBXGroup;
			children = (
				9EB0B4068D2B44E4EF06AA66 /* Pods_AegisIOS.framework */,
				3F7DB3CED597C2352D515DE8 /* Pods_AegisIOS_AegisIOSUITests.framework */,
				EFAEFED67032307B154056B2 /* Pods_AegisIOSTests.framework */,
			);
			name = Frameworks;
			sourceTree = "<group>";
		};
		5CEF734256500BF2904A2B40 /* Preview Content */ = {
			isa = PBXGroup;
			children = (
				5CEF7326EE4F682E52CD6606 /* Preview Assets.xcassets */,
			);
			path = "Preview Content";
			sourceTree = "<group>";
		};
		5CEF7903B9C931FE249F44BA /* AegisIOSUITests */ = {
			isa = PBXGroup;
			children = (
				5CEF78BF1EEA45FE86440F92 /* AegisIOSUITests.swift */,
				5CEF7AA74BB2BEB75B2FB2E3 /* AegisIOSUITestsLaunchTests.swift */,
			);
			path = AegisIOSUITests;
			sourceTree = "<group>";
		};
		5CEF7B32F8F5C4D099D6B034 /* AegisIOSTests */ = {
			isa = PBXGroup;
			children = (
				5CEF75F665D6A2F0EE188927 /* AegisIOSTests.swift */,
			);
			path = AegisIOSTests;
			sourceTree = "<group>";
		};
		5CEF7C16A34C8E066D0879E6 = {
			isa = PBXGroup;
			children = (
				5CEF7E3CCCF52CD423BD6F1C /* Products */,
				5CEF7D9202AA1EFF0BA5745E /* AegisIOS */,
				5CEF7B32F8F5C4D099D6B034 /* AegisIOSTests */,
				5CEF7903B9C931FE249F44BA /* AegisIOSUITests */,
				80BF0696C1B8588B8B845B12 /* Pods */,
				2C6CF3D848831F35F6BCCC21 /* Frameworks */,
			);
			sourceTree = "<group>";
		};
		5CEF7D9202AA1EFF0BA5745E /* AegisIOS */ = {
			isa = PBXGroup;
			children = (
				5CEF724E20D56D6BC2E997CC /* Assets.xcassets */,
				5CEF734256500BF2904A2B40 /* Preview Content */,
				5CEF76FD00CBE3A7DE0ED55C /* AegisIOSApp.swift */,
				5CEF78C9A0CB093916D11A08 /* ContentView.swift */,
			);
			path = AegisIOS;
			sourceTree = "<group>";
		};
		5CEF7E3CCCF52CD423BD6F1C /* Products */ = {
			isa = PBXGroup;
			children = (
				5CEF7D329BE47E4271C36634 /* AegisIOS.app */,
				5CEF76F758AA7AA95E02198A /* AegisIOSTests.xctest */,
				5CEF7A3314E27EF3144DCDD6 /* AegisIOSUITests.xctest */,
			);
			name = Products;
			sourceTree = "<group>";
		};
		80BF0696C1B8588B8B845B12 /* Pods */ = {
			isa = PBXGroup;
			children = (
				63684749F23BF6CB00ED6D73 /* Pods-AegisIOS.debug.xcconfig */,
				930074F41F0B33781181BF1E /* Pods-AegisIOS.release.xcconfig */,
				9E64DC34B46CE03308904FD1 /* Pods-AegisIOS-AegisIOSUITests.debug.xcconfig */,
				AEEA3D487939A72F24108B45 /* Pods-AegisIOS-AegisIOSUITests.release.xcconfig */,
				B2733E29AD24BC53C00FC048 /* Pods-AegisIOSTests.debug.xcconfig */,
				CC727697A2758F127CAEE743 /* Pods-AegisIOSTests.release.xcconfig */,
			);
			name = Pods;
			path = Pods;
			sourceTree = "<group>";
		};
/* End PBXGroup section */

/* Begin PBXNativeTarget section */
		5CEF7431DBDC41D3ADAE0192 /* AegisIOSUITests */ = {
			isa = PBXNativeTarget;
			buildConfigurationList = 5CEF77CF2ED276DE10C3423E /* Build configuration list for PBXNativeTarget "AegisIOSUITests" */;
			buildPhases = (
				D606BE494FA52C12E884B140 /* [CP] Check Pods Manifest.lock */,
				5CEF742A58FAA3B7FEA891D0 /* Sources */,
				5CEF7DDC1D050CFDB3738A95 /* Frameworks */,
				5CEF74C826CF3A5604D96106 /* Resources */,
				92AFBD41FF81C734BBCF0E32 /* [CP] Embed Pods Frameworks */,
			);
			buildRules = (
			);
			dependencies = (
				5CEF746C38CB6470397DE077 /* PBXTargetDependency */,
			);
			name = AegisIOSUITests;
			productName = AegisIOSUITests;
			productReference = 5CEF7A3314E27EF3144DCDD6 /* AegisIOSUITests.xctest */;
			productType = "com.apple.product-type.bundle.ui-testing";
		};
		5CEF743FEDC7D3018E4EB9ED /* AegisIOS */ = {
			isa = PBXNativeTarget;
			buildConfigurationList = 5CEF707C7B9621C69F0E5F16 /* Build configuration list for PBXNativeTarget "AegisIOS" */;
			buildPhases = (
				96FBCBDE8D44BCB8A8995F54 /* [CP] Check Pods Manifest.lock */,
				5CEF74EC0D19C465F236C274 /* Sources */,
				5CEF7A936A4F3CDC49B16368 /* Frameworks */,
				5CEF74F9F99B81CA6798526E /* Resources */,
				F72D6C9B1EA490AB33A38A25 /* [CP] Embed Pods Frameworks */,
			);
			buildRules = (
			);
			dependencies = (
			);
			name = AegisIOS;
			productName = AegisIOS;
			productReference = 5CEF7D329BE47E4271C36634 /* AegisIOS.app */;
			productType = "com.apple.product-type.application";
		};
		5CEF78EA92ECF72E9DD12120 /* AegisIOSTests */ = {
			isa = PBXNativeTarget;
			buildConfigurationList = 5CEF74BD5BA9A4A47320B251 /* Build configuration list for PBXNativeTarget "AegisIOSTests" */;
			buildPhases = (
				8B3E32B9F7E3D8725EB477DE /* [CP] Check Pods Manifest.lock */,
				5CEF71FA7C4E03F94DF87BA0 /* Sources */,
				5CEF739AD10869ACCE48E3AA /* Frameworks */,
				5CEF7C59DC45789DE7BEDAD6 /* Resources */,
			);
			buildRules = (
			);
			dependencies = (
				5CEF7A033827D8909AF3930B /* PBXTargetDependency */,
			);
			name = AegisIOSTests;
			productName = AegisIOSTests;
			productReference = 5CEF76F758AA7AA95E02198A /* AegisIOSTests.xctest */;
			productType = "com.apple.product-type.bundle.unit-test";
		};
/* End PBXNativeTarget section */

/* Begin PBXProject section */
		5CEF7A59079120E9B2F37A67 /* Project object */ = {
			isa = PBXProject;
			buildConfigurationList = 5CEF78B73F6FE578531225EB /* Build configuration list for PBXProject "AegisIOS" */;
			compatibilityVersion = "Xcode 3.2";
			developmentRegion = English;
			hasScannedForEncodings = 0;
			knownRegions = (
				en,
			);
			mainGroup = 5CEF7C16A34C8E066D0879E6;
			productRefGroup = 5CEF7E3CCCF52CD423BD6F1C /* Products */;
			projectDirPath = "";
			projectRoot = "";
			targets = (
				5CEF743FEDC7D3018E4EB9ED /* AegisIOS */,
				5CEF78EA92ECF72E9DD12120 /* AegisIOSTests */,
				5CEF7431DBDC41D3ADAE0192 /* AegisIOSUITests */,
			);
		};
/* End PBXProject section */

/* Begin PBXResourcesBuildPhase section */
		5CEF74C826CF3A5604D96106 /* Resources */ = {
			isa = PBXResourcesBuildPhase;
			buildActionMask = 2147483647;
			files = (
			);
			runOnlyForDeploymentPostprocessing = 0;
		};
		5CEF74F9F99B81CA6798526E /* Resources */ = {
			isa = PBXResourcesBuildPhase;
			buildActionMask = 2147483647;
			files = (
				5CEF783BE3FA5EDC822F0BEC /* Assets.xcassets in Resources */,
				5CEF7A29BE84C23E8CD770D0 /* Preview Assets.xcassets in Resources */,
			);
			runOnlyForDeploymentPostprocessing = 0;
		};
		5CEF7C59DC45789DE7BEDAD6 /* Resources */ = {
			isa = PBXResourcesBuildPhase;
			buildActionMask = 2147483647;
			files = (
			);
			runOnlyForDeploymentPostprocessing = 0;
		};
/* End PBXResourcesBuildPhase section */

/* Begin PBXShellScriptBuildPhase section */
		8B3E32B9F7E3D8725EB477DE /* [CP] Check Pods Manifest.lock */ = {
			isa = PBXShellScriptBuildPhase;
			buildActionMask = 2147483647;
			files = (
			);
			inputFileListPaths = (
			);
			inputPaths = (
				"${PODS_PODFILE_DIR_PATH}/Podfile.lock",
				"${PODS_ROOT}/Manifest.lock",
			);
			name = "[CP] Check Pods Manifest.lock";
			outputFileListPaths = (
			);
			outputPaths = (
				"$(DERIVED_FILE_DIR)/Pods-AegisIOSTests-checkManifestLockResult.txt",
			);
			runOnlyForDeploymentPostprocessing = 0;
			shellPath = /bin/sh;
			shellScript = "diff \"${PODS_PODFILE_DIR_PATH}/Podfile.lock\" \"${PODS_ROOT}/Manifest.lock\" > /dev/null\nif [ $? != 0 ] ; then\n    # print error to STDERR\n    echo \"error: The sandbox is not in sync with the Podfile.lock. Run 'pod install' or update your CocoaPods installation.\" >&2\n    exit 1\nfi\n# This output is used by Xcode 'outputs' to avoid re-running this script phase.\necho \"SUCCESS\" > \"${SCRIPT_OUTPUT_FILE_0}\"\n";
			showEnvVarsInLog = 0;
		};
		92AFBD41FF81C734BBCF0E32 /* [CP] Embed Pods Frameworks */ = {
			isa = PBXShellScriptBuildPhase;
			buildActionMask = 2147483647;
			files = (
			);
			inputPaths = (
				"${PODS_ROOT}/Target Support Files/Pods-AegisIOS-AegisIOSUITests/Pods-AegisIOS-AegisIOSUITests-frameworks.sh",
				"${BUILT_PRODUCTS_DIR}/CocoaMQTT/CocoaMQTT.framework",
				"${BUILT_PRODUCTS_DIR}/MqttCocoaAsyncSocket/MqttCocoaAsyncSocket.framework",
			);
			name = "[CP] Embed Pods Frameworks";
			outputPaths = (
				"${TARGET_BUILD_DIR}/${FRAMEWORKS_FOLDER_PATH}/CocoaMQTT.framework",
				"${TARGET_BUILD_DIR}/${FRAMEWORKS_FOLDER_PATH}/MqttCocoaAsyncSocket.framework",
			);
			runOnlyForDeploymentPostprocessing = 0;
			shellPath = /bin/sh;
			shellScript = "\"${PODS_ROOT}/Target Support Files/Pods-AegisIOS-AegisIOSUITests/Pods-AegisIOS-AegisIOSUITests-frameworks.sh\"\n";
			showEnvVarsInLog = 0;
		};
		96FBCBDE8D44BCB8A8995F54 /* [CP] Check Pods Manifest.lock */ = {
			isa = PBXShellScriptBuildPhase;
			buildActionMask = 2147483647;
			files = (
			);
			inputFileListPaths = (
			);
			inputPaths = (
				"${PODS_PODFILE_DIR_PATH}/Podfile.lock",
				"${PODS_ROOT}/Manifest.lock",
			);
			name = "[CP] Check Pods Manifest.lock";
			outputFileListPaths = (
			);
			outputPaths = (
				"$(DERIVED_FILE_DIR)/Pods-AegisIOS-checkManifestLockResult.txt",
			);
			runOnlyForDeploymentPostprocessing = 0;
			shellPath = /bin/sh;
			shellScript = "diff \"${PODS_PODFILE_DIR_PATH}/Podfile.lock\" \"${PODS_ROOT}/Manifest.lock\" > /dev/null\nif [ $? != 0 ] ; then\n    # print error to STDERR\n    echo \"error: The sandbox is not in sync with the Podfile.lock. Run 'pod install' or update your CocoaPods installation.\" >&2\n    exit 1\nfi\n# This output is used by Xcode 'outputs' to avoid re-running this script phase.\necho \"SUCCESS\" > \"${SCRIPT_OUTPUT_FILE_0}\"\n";
			showEnvVarsInLog = 0;
		};
		D606BE494FA52C12E884B140 /* [CP] Check Pods Manifest.lock */ = {
			isa = PBXShellScriptBuildPhase;
			buildActionMask = 2147483647;
			files = (
			);
			inputFileListPaths = (
			);
			inputPaths = (
				"${PODS_PODFILE_DIR_PATH}/Podfile.lock",
				"${PODS_ROOT}/Manifest.lock",
			);
			name = "[CP] Check Pods Manifest.lock";
			outputFileListPaths = (
			);
			outputPaths = (
				"$(DERIVED_FILE_DIR)/Pods-AegisIOS-AegisIOSUITests-checkManifestLockResult.txt",
			);
			runOnlyForDeploymentPostprocessing = 0;
			shellPath = /bin/sh;
			shellScript = "diff \"${PODS_PODFILE_DIR_PATH}/Podfile.lock\" \"${PODS_ROOT}/Manifest.lock\" > /dev/null\nif [ $? != 0 ] ; then\n    # print error to STDERR\n    echo \"error: The sandbox is not in sync with the Podfile.lock. Run 'pod install' or update your CocoaPods installation.\" >&2\n    exit 1\nfi\n# This output is used by Xcode 'outputs' to avoid re-running this script phase.\necho \"SUCCESS\" > \"${SCRIPT_OUTPUT_FILE_0}\"\n";
			showEnvVarsInLog = 0;
		};
		F72D6C9B1EA490AB33A38A25 /* [CP] Embed Pods Frameworks */ = {
			isa = PBXShellScriptBuildPhase;
			buildActionMask = 2147483647;
			files = (
			);
			inputPaths = (
				"${PODS_ROOT}/Target Support Files/Pods-AegisIOS/Pods-AegisIOS-frameworks.sh",
				"${BUILT_PRODUCTS_DIR}/CocoaMQTT/CocoaMQTT.framework",
				"${BUILT_PRODUCTS_DIR}/MqttCocoaAsyncSocket/MqttCocoaAsyncSocket.framework",
			);
			name = "[CP] Embed Pods Frameworks";
			outputPaths = (
				"${TARGET_BUILD_DIR}/${FRAMEWORKS_FOLDER_PATH}/CocoaMQTT.framework",
				"${TARGET_BUILD_DIR}/${FRAMEWORKS_FOLDER_PATH}/MqttCocoaAsyncSocket.framework",
			);
			runOnlyForDeploymentPostprocessing = 0;
			shellPath = /bin/sh;
			shellScript = "\"${PODS_ROOT}/Target Support Files/Pods-AegisIOS/Pods-AegisIOS-frameworks.sh\"\n";
			showEnvVarsInLog = 0;
		};
/* End PBXShellScriptBuildPhase section */

/* Begin PBXSourcesBuildPhase section */
		5CEF71FA7C4E03F94DF87BA0 /* Sources */ = {
			isa = PBXSourcesBuildPhase;
			buildActionMask = 2147483647;
			files = (
				5CEF79FADB43B6EED91CADB9 /* AegisIOSTests.swift in Sources */,
			);
			runOnlyForDeploymentPostprocessing = 0;
		};
		5CEF742A58FAA3B7FEA891D0 /* Sources */ = {
			isa = PBXSourcesBuildPhase;
			buildActionMask = 2147483647;
			files = (
				5CEF730DF6EDF7750E311E4C /* AegisIOSUITests.swift in Sources */,
				5CEF73C41173566D03F1B513 /* AegisIOSUITestsLaunchTests.swift in Sources */,
			);
			runOnlyForDeploymentPostprocessing = 0;
		};
		5CEF74EC0D19C465F236C274 /* Sources */ = {
			isa = PBXSourcesBuildPhase;
			buildActionMask = 2147483647;
			files = (
				5CEF7390A95ABC53E57668B2 /* AegisIOSApp.swift in Sources */,
				5CEF7266A14ACEE74103ECC9 /* ContentView.swift in Sources */,
			);
			runOnlyForDeploymentPostprocessing = 0;
		};
/* End PBXSourcesBuildPhase section */

/* Begin PBXTargetDependency section */
		5CEF746C38CB6470397DE077 /* PBXTargetDependency */ = {
			isa = PBXTargetDependency;
			target = 5CEF743FEDC7D3018E4EB9ED /* AegisIOS */;
			targetProxy = 5CEF760AE22F17CD33422D80 /* PBXContainerItemProxy */;
		};
		5CEF7A033827D8909AF3930B /* PBXTargetDependency */ = {
			isa = PBXTargetDependency;
			target = 5CEF743FEDC7D3018E4EB9ED /* AegisIOS */;
			targetProxy = 5CEF7FE6366270186DEBE29F /* PBXContainerItemProxy */;
		};
/* End PBXTargetDependency section */

/* Begin XCBuildConfiguration section */
		5CEF707F5C77EF88F3733638 /* Release */ = {
			isa = XCBuildConfiguration;
			baseConfigurationReference = 930074F41F0B33781181BF1E /* Pods-AegisIOS.release.xcconfig */;
			buildSettings = {
				ASSETCATALOG_COMPILER_APPICON_NAME = AppIcon;
				ASSETCATALOG_COMPILER_GLOBAL_ACCENT_COLOR_NAME = AccentColor;
				CURRENT_PROJECT_VERSION = 1;
				DEVELOPMENT_ASSET_PATHS = "\"AegisIOS/Preview Content\"";
				ENABLE_PREVIEWS = YES;
				GENERATE_INFOPLIST_FILE = YES;
				INFOPLIST_KEY_UIApplicationSceneManifest_Generation = YES;
				INFOPLIST_KEY_UIApplicationSupportsIndirectInputEvents = YES;
				INFOPLIST_KEY_UILaunchScreen_Generation = YES;
				INFOPLIST_KEY_UISupportedInterfaceOrientations_iPad = "UIInterfaceOrientationPortrait UIInterfaceOrientationPortraitUpsideDown UIInterfaceOrientationLandscapeLeft UIInterfaceOrientationLandscapeRight";
				INFOPLIST_KEY_UISupportedInterfaceOrientations_iPhone = "UIInterfaceOrientationPortrait UIInterfaceOrientationLandscapeLeft UIInterfaceOrientationLandscapeRight";
				LD_RUNPATH_SEARCH_PATHS = "$(inherited) @executable_path/Frameworks";
				MARKETING_VERSION = 1.0;
				PRODUCT_BUNDLE_IDENTIFIER = ECE140.AegisIOS;
				PRODUCT_NAME = "$(TARGET_NAME)";
				SWIFT_EMIT_LOC_STRINGS = YES;
				SWIFT_VERSION = 5.0;
				TARGETED_DEVICE_FAMILY = "1,2";
			};
			name = Release;
		};
		5CEF725639603FDC52902C38 /* Release */ = {
			isa = XCBuildConfiguration;
			baseConfigurationReference = CC727697A2758F127CAEE743 /* Pods-AegisIOSTests.release.xcconfig */;
			buildSettings = {
				BUNDLE_LOADER = "$(BUILT_PRODUCTS_DIR)/AegisIOS.app/AegisIOS";
				CURRENT_PROJECT_VERSION = 1;
				GENERATE_INFOPLIST_FILE = YES;
				MARKETING_VERSION = 1.0;
				PRODUCT_BUNDLE_IDENTIFIER = ECE140.AegisIOSTests;
				PRODUCT_NAME = "$(TARGET_NAME)";
				SWIFT_EMIT_LOC_STRINGS = NO;
				SWIFT_VERSION = 5.0;
				TARGETED_DEVICE_FAMILY = "1,2";
				TEST_HOST = "$(BUNDLE_LOADER)";
			};
			name = Release;
		};
		5CEF7291BFF75AB60E231A3A /* Debug */ = {
			isa = XCBuildConfiguration;
			baseConfigurationReference = 9E64DC34B46CE03308904FD1 /* Pods-AegisIOS-AegisIOSUITests.debug.xcconfig */;
			buildSettings = {
				CURRENT_PROJECT_VERSION = 1;
				GENERATE_INFOPLIST_FILE = YES;
				MARKETING_VERSION = 1.0;
				PRODUCT_BUNDLE_IDENTIFIER = ECE140.AegisIOSUITests;
				PRODUCT_NAME = "$(TARGET_NAME)";
				SWIFT_EMIT_LOC_STRINGS = NO;
				SWIFT_VERSION = 5.0;
				TARGETED_DEVICE_FAMILY = "1,2";
				TEST_TARGET_NAME = AegisIOS;
			};
			name = Debug;
		};
		5CEF7378417019054EE38573 /* Debug */ = {
			isa = XCBuildConfiguration;
			baseConfigurationReference = 63684749F23BF6CB00ED6D73 /* Pods-AegisIOS.debug.xcconfig */;
			buildSettings = {
				ASSETCATALOG_COMPILER_APPICON_NAME = AppIcon;
				ASSETCATALOG_COMPILER_GLOBAL_ACCENT_COLOR_NAME = AccentColor;
				CURRENT_PROJECT_VERSION = 1;
				DEVELOPMENT_ASSET_PATHS = "\"AegisIOS/Preview Content\"";
				ENABLE_PREVIEWS = YES;
				GENERATE_INFOPLIST_FILE = YES;
				INFOPLIST_KEY_UIApplicationSceneManifest_Generation = YES;
				INFOPLIST_KEY_UIApplicationSupportsIndirectInputEvents = YES;
				INFOPLIST_KEY_UILaunchScreen_Generation = YES;
				INFOPLIST_KEY_UISupportedInterfaceOrientations_iPad = "UIInterfaceOrientationPortrait UIInterfaceOrientationPortraitUpsideDown UIInterfaceOrientationLandscapeLeft UIInterfaceOrientationLandscapeRight";
				INFOPLIST_KEY_UISupportedInterfaceOrientations_iPhone = "UIInterfaceOrientationPortrait UIInterfaceOrientationLandscapeLeft UIInterfaceOrientationLandscapeRight";
				LD_RUNPATH_SEARCH_PATHS = "$(inherited) @executable_path/Frameworks";
				MARKETING_VERSION = 1.0;
				PRODUCT_BUNDLE_IDENTIFIER = ECE140.AegisIOS;
				PRODUCT_NAME = "$(TARGET_NAME)";
				SWIFT_EMIT_LOC_STRINGS = YES;
				SWIFT_VERSION = 5.0;
				TARGETED_DEVICE_FAMILY = "1,2";
			};
			name = Debug;
		};
		5CEF74786BBA2402F97EE369 /* Debug */ = {
			isa = XCBuildConfiguration;
			baseConfigurationReference = B2733E29AD24BC53C00FC048 /* Pods-AegisIOSTests.debug.xcconfig */;
			buildSettings = {
				BUNDLE_LOADER = "$(BUILT_PRODUCTS_DIR)/AegisIOS.app/AegisIOS";
				CURRENT_PROJECT_VERSION = 1;
				GENERATE_INFOPLIST_FILE = YES;
				MARKETING_VERSION = 1.0;
				PRODUCT_BUNDLE_IDENTIFIER = ECE140.AegisIOSTests;
				PRODUCT_NAME = "$(TARGET_NAME)";
				SWIFT_EMIT_LOC_STRINGS = NO;
				SWIFT_VERSION = 5.0;
				TARGETED_DEVICE_FAMILY = "1,2";
				TEST_HOST = "$(BUNDLE_LOADER)";
			};
			name = Debug;
		};
		5CEF7526E866DDEDBD8C0EC4 /* Release */ = {
			isa = XCBuildConfiguration;
			baseConfigurationReference = AEEA3D487939A72F24108B45 /* Pods-AegisIOS-AegisIOSUITests.release.xcconfig */;
			buildSettings = {
				CURRENT_PROJECT_VERSION = 1;
				GENERATE_INFOPLIST_FILE = YES;
				MARKETING_VERSION = 1.0;
				PRODUCT_BUNDLE_IDENTIFIER = ECE140.AegisIOSUITests;
				PRODUCT_NAME = "$(TARGET_NAME)";
				SWIFT_EMIT_LOC_STRINGS = NO;
				SWIFT_VERSION = 5.0;
				TARGETED_DEVICE_FAMILY = "1,2";
				TEST_TARGET_NAME = AegisIOS;
			};
			name = Release;
		};
		5CEF7C855561469C6736E585 /* Debug */ = {
			isa = XCBuildConfiguration;
			buildSettings = {
				ALWAYS_SEARCH_USER_PATHS = NO;
				CLANG_ANALYZER_NONNULL = YES;
				CLANG_ANALYZER_NUMBER_OBJECT_CONVERSION = YES_AGGRESSIVE;
				CLANG_CXX_LANGUAGE_STANDARD = "gnu++20";
				CLANG_ENABLE_MODULES = YES;
				CLANG_ENABLE_OBJC_ARC = YES;
				CLANG_ENABLE_OBJC_WEAK = YES;
				CLANG_WARN_BLOCK_CAPTURE_AUTORELEASING = YES;
				CLANG_WARN_BOOL_CONVERSION = YES;
				CLANG_WARN_COMMA = YES;
				CLANG_WARN_CONSTANT_CONVERSION = YES;
				CLANG_WARN_DEPRECATED_OBJC_IMPLEMENTATIONS = YES;
				CLANG_WARN_DIRECT_OBJC_ISA_USAGE = YES_ERROR;
				CLANG_WARN_DOCUMENTATION_COMMENTS = YES;
				CLANG_WARN_EMPTY_BODY = YES;
				CLANG_WARN_ENUM_CONVERSION = YES;
				CLANG_WARN_INFINITE_RECURSION = YES;
				CLANG_WARN_INT_CONVERSION = YES;
				CLANG_WARN_NON_LITERAL_NULL_CONVERSION = YES;
				CLANG_WARN_OBJC_IMPLICIT_RETAIN_SELF = YES;
				CLANG_WARN_OBJC_LITERAL_CONVERSION = YES;
				CLANG_WARN_OBJC_ROOT_CLASS = YES_ERROR;
				CLANG_WARN_QUOTED_INCLUDE_IN_FRAMEWORK_HEADER = YES;
				CLANG_WARN_RANGE_LOOP_ANALYSIS = YES;
				CLANG_WARN_STRICT_PROTOTYPES = YES;
				CLANG_WARN_SUSPICIOUS_MOVE = YES;
				CLANG_WARN_UNGUARDED_AVAILABILITY = YES_AGGRESSIVE;
				CLANG_WARN_UNREACHABLE_CODE = YES;
				CLANG_WARN__DUPLICATE_METHOD_MATCH = YES;
				COPY_PHASE_STRIP = NO;
				DEBUG_INFORMATION_FORMAT = dwarf;
				ENABLE_STRICT_OBJC_MSGSEND = YES;
				ENABLE_TESTABILITY = YES;
				GCC_C_LANGUAGE_STANDARD = gnu11;
				GCC_DYNAMIC_NO_PIC = NO;
				GCC_NO_COMMON_BLOCKS = YES;
				GCC_OPTIMIZATION_LEVEL = 0;
				GCC_PREPROCESSOR_DEFINITIONS = (
					"DEBUG=1",
					"$(inherited)",
				);
				GCC_WARN_64_TO_32_BIT_CONVERSION = YES;
				GCC_WARN_ABOUT_RETURN_TYPE = YES_ERROR;
				GCC_WARN_UNDECLARED_SELECTOR = YES;
				GCC_WARN_UNINITIALIZED_AUTOS = YES_AGGRESSIVE;
				GCC_WARN_UNUSED_FUNCTION = YES;
				GCC_WARN_UNUSED_VARIABLE = YES;
				IPHONEOS_DEPLOYMENT_TARGET = 16.4;
				MTL_ENABLE_DEBUG_INFO = INCLUDE_SOURCE;
				MTL_FAST_MATH = YES;
				ONLY_ACTIVE_ARCH = YES;
				SDKROOT = iphoneos;
				SWIFT_ACTIVE_COMPILATION_CONDITIONS = DEBUG;
				SWIFT_OPTIMIZATION_LEVEL = "-Onone";
			};
			name = Debug;
		};
		5CEF7E9F69828F2C414F91A7 /* Release */ = {
			isa = XCBuildConfiguration;
			buildSettings = {
				ALWAYS_SEARCH_USER_PATHS = NO;
				CLANG_ANALYZER_NONNULL = YES;
				CLANG_ANALYZER_NUMBER_OBJECT_CONVERSION = YES_AGGRESSIVE;
				CLANG_CXX_LANGUAGE_STANDARD = "gnu++20";
				CLANG_ENABLE_MODULES = YES;
				CLANG_ENABLE_OBJC_ARC = YES;
				CLANG_ENABLE_OBJC_WEAK = YES;
				CLANG_WARN_BLOCK_CAPTURE_AUTORELEASING = YES;
				CLANG_WARN_BOOL_CONVERSION = YES;
				CLANG_WARN_COMMA = YES;
				CLANG_WARN_CONSTANT_CONVERSION = YES;
				CLANG_WARN_DEPRECATED_OBJC_IMPLEMENTATIONS = YES;
				CLANG_WARN_DIRECT_OBJC_ISA_USAGE = YES_ERROR;
				CLANG_WARN_DOCUMENTATION_COMMENTS = YES;
				CLANG_WARN_EMPTY_BODY = YES;
				CLANG_WARN_ENUM_CONVERSION = YES;
				CLANG_WARN_INFINITE_RECURSION = YES;
				CLANG_WARN_INT_CONVERSION = YES;
				CLANG_WARN_NON_LITERAL_NULL_CONVERSION = YES;
				CLANG_WARN_OBJC_IMPLICIT_RETAIN_SELF = YES;
				CLANG_WARN_OBJC_LITERAL_CONVERSION = YES;
				CLANG_WARN_OBJC_ROOT_CLASS = YES_ERROR;
				CLANG_WARN_QUOTED_INCLUDE_IN_FRAMEWORK_HEADER = YES;
				CLANG_WARN_RANGE_LOOP_ANALYSIS = YES;
				CLANG_WARN_STRICT_PROTOTYPES = YES;
				CLANG_WARN_SUSPICIOUS_MOVE = YES;
				CLANG_WARN_UNGUARDED_AVAILABILITY = YES_AGGRESSIVE;
				CLANG_WARN_UNREACHABLE_CODE = YES;
				CLANG_WARN__DUPLICATE_METHOD_MATCH = YES;
				COPY_PHASE_STRIP = NO;
				DEBUG_INFORMATION_FORMAT = "dwarf-with-dsym";
				ENABLE_NS_ASSERTIONS = NO;
				ENABLE_STRICT_OBJC_MSGSEND = YES;
				GCC_C_LANGUAGE_STANDARD = gnu11;
				GCC_NO_COMMON_BLOCKS = YES;
				GCC_WARN_64_TO_32_BIT_CONVERSION = YES;
				GCC_WARN_ABOUT_RETURN_TYPE = YES_ERROR;
				GCC_WARN_UNDECLARED_SELECTOR = YES;
				GCC_WARN_UNINITIALIZED_AUTOS = YES_AGGRESSIVE;
				GCC_WARN_UNUSED_FUNCTION = YES;
				GCC_WARN_UNUSED_VARIABLE = YES;
				IPHONEOS_DEPLOYMENT_TARGET = 16.4;
				MTL_ENABLE_DEBUG_INFO = NO;
				MTL_FAST_MATH = YES;
				SDKROOT = iphoneos;
				SWIFT_COMPILATION_MODE = wholemodule;
				SWIFT_OPTIMIZATION_LEVEL = "-O";
				VALIDATE_PRODUCT = YES;
			};
			name = Release;
		};
/* End XCBuildConfiguration section */

/* Begin XCConfigurationList section */
		5CEF707C7B9621C69F0E5F16 /* Build configuration list for PBXNativeTarget "AegisIOS" */ = {
			isa = XCConfigurationList;
			buildConfigurations = (
				5CEF7378417019054EE38573 /* Debug */,
				5CEF707F5C77EF88F3733638 /* Release */,
			);
			defaultConfigurationIsVisible = 0;
		};
		5CEF74BD5BA9A4A47320B251 /* Build configuration list for PBXNativeTarget "AegisIOSTests" */ = {
			isa = XCConfigurationList;
			buildConfigurations = (
				5CEF74786BBA2402F97EE369 /* Debug */,
				5CEF725639603FDC52902C38 /* Release */,
			);
			defaultConfigurationIsVisible = 0;
		};
		5CEF77CF2ED276DE10C3423E /* Build configuration list for PBXNativeTarget "AegisIOSUITests" */ = {
			isa = XCConfigurationList;
			buildConfigurations = (
				5CEF7291BFF75AB60E231A3A /* Debug */,
				5CEF7526E866DDEDBD8C0EC4 /* Release */,
			);
			defaultConfigurationIsVisible = 0;
		};
		5CEF78B73F6FE578531225EB /* Build configuration list for PBXProject "AegisIOS" */ = {
			isa = XCConfigurationList;
			buildConfigurations = (
				5CEF7C855561469C6736E585 /* Debug */,
				5CEF7E9F69828F2C414F91A7 /* Release */,
			);
			defaultConfigurationIsVisible = 0;
			defaultConfigurationName = Release;
		};
/* End XCConfigurationList section */
	};
	rootObject = 5CEF7A59079120E9B2F37A67 /* Project object */;
}
